
Microsoft Visual Studio Solution File, Format Version 12.00
# Visual Studio Version 17
VisualStudioVersion = 17.13.36105.23
MinimumVisualStudioVersion = 10.0.40219.1
Project("{FAE04EC0-301F-11D3-BF4B-00C04F79EFBC}") = "Pinya_Presentations", "Pinya_Presentations\Pinya_Presentations.csproj", "{C7C9326B-3878-4F6E-894F-BD50134652D4}"
EndProject
Project("{FAE04EC0-301F-11D3-BF4B-00C04F79EFBC}") = "ChatApi", "ChatApi\ChatApi.csproj", "{9A5D0335-E520-4852-A1A8-01085BB7818E}"
EndProject
Project("{FAE04EC0-301F-11D3-BF4B-00C04F79EFBC}") = "ChatClient", "ChatClient\ChatClient.csproj", "{E48998C4-F51A-43D3-BB0F-53B7A1E042D9}"
EndProject
Global
	GlobalSection(SolutionConfigurationPlatforms) = preSolution
		Debug|Any CPU = Debug|Any CPU
		Release|Any CPU = Release|Any CPU
	EndGlobalSection
	GlobalSection(ProjectConfigurationPlatforms) = postSolution
		{C7C9326B-3878-4F6E-894F-BD50134652D4}.Debug|Any CPU.ActiveCfg = Debug|Any CPU
		{C7C9326B-3878-4F6E-894F-BD50134652D4}.Debug|Any CPU.Build.0 = Debug|Any CPU
		{C7C9326B-3878-4F6E-894F-BD50134652D4}.Release|Any CPU.ActiveCfg = Release|Any CPU
		{C7C9326B-3878-4F6E-894F-BD50134652D4}.Release|Any CPU.Build.0 = Release|Any CPU
		{9A5D0335-E520-4852-A1A8-01085BB7818E}.Debug|Any CPU.ActiveCfg = Debug|Any CPU
		{9A5D0335-E520-4852-A1A8-01085BB7818E}.Debug|Any CPU.Build.0 = Debug|Any CPU
		{9A5D0335-E520-4852-A1A8-01085BB7818E}.Release|Any CPU.ActiveCfg = Release|Any CPU
		{9A5D0335-E520-4852-A1A8-01085BB7818E}.Release|Any CPU.Build.0 = Release|Any CPU
		{E48998C4-F51A-43D3-BB0F-53B7A1E042D9}.Debug|Any CPU.ActiveCfg = Debug|Any CPU
		{E48998C4-F51A-43D3-BB0F-53B7A1E042D9}.Debug|Any CPU.Build.0 = Debug|Any CPU
		{E48998C4-F51A-43D3-BB0F-53B7A1E042D9}.Release|Any CPU.ActiveCfg = Release|Any CPU
		{E48998C4-F51A-43D3-BB0F-53B7A1E042D9}.Release|Any CPU.Build.0 = Release|Any CPU
	EndGlobalSection
	GlobalSection(SolutionProperties) = preSolution
		HideSolutionNode = FALSE
	EndGlobalSection
	GlobalSection(ExtensibilityGlobals) = postSolution
		SolutionGuid = {E10B6ACE-7360-4062-B542-4F3DF4A18A26}
	EndGlobalSection
EndGlobal
